
Microsoft Visual Studio Solution File, Format Version 12.00
# Visual Studio Version 16
VisualStudioVersion = 16.0.30204.135
MinimumVisualStudioVersion = 10.0.40219.1
Project("{FAE04EC0-301F-11D3-BF4B-00C04F79EFBC}") = "CityDestination", "CityDestination.csproj", "{0304EB5D-F70E-4FD0-ACC2-7488EBDE2604}"
EndProject
Project("{FAE04EC0-301F-11D3-BF4B-00C04F79EFBC}") = "XUnitCityDestination", "..\XUnitCityDestination\XUnitCityDestination.csproj", "{D68C7113-FA6C-4A72-AA28-269B1B4880B0}"
EndProject
Global
	GlobalSection(SolutionConfigurationPlatforms) = preSolution
		Debug|Any CPU = Debug|Any CPU
		Release|Any CPU = Release|Any CPU
	EndGlobalSection
	GlobalSection(ProjectConfigurationPlatforms) = postSolution
		{0304EB5D-F70E-4FD0-ACC2-7488EBDE2604}.Debug|Any CPU.ActiveCfg = Debug|Any CPU
		{0304EB5D-F70E-4FD0-ACC2-7488EBDE2604}.Debug|Any CPU.Build.0 = Debug|Any CPU
		{0304EB5D-F70E-4FD0-ACC2-7488EBDE2604}.Release|Any CPU.ActiveCfg = Release|Any CPU
		{0304EB5D-F70E-4FD0-ACC2-7488EBDE2604}.Release|Any CPU.Build.0 = Release|Any CPU
		{D68C7113-FA6C-4A72-AA28-269B1B4880B0}.Debug|Any CPU.ActiveCfg = Debug|Any CPU
		{D68C7113-FA6C-4A72-AA28-269B1B4880B0}.Debug|Any CPU.Build.0 = Debug|Any CPU
		{D68C7113-FA6C-4A72-AA28-269B1B4880B0}.Release|Any CPU.ActiveCfg = Release|Any CPU
		{D68C7113-FA6C-4A72-AA28-269B1B4880B0}.Release|Any CPU.Build.0 = Release|Any CPU
	EndGlobalSection
	GlobalSection(SolutionProperties) = preSolution
		HideSolutionNode = FALSE
	EndGlobalSection
	GlobalSection(ExtensibilityGlobals) = postSolution
		SolutionGuid = {8969CCD6-EBD5-4860-BE7F-2A0133E87C92}
	EndGlobalSection
EndGlobal
