
Microsoft Visual Studio Solution File, Format Version 12.00
# Visual Studio Version 16
VisualStudioVersion = 16.0.30204.135
MinimumVisualStudioVersion = 10.0.40219.1
Project("{FAE04EC0-301F-11D3-BF4B-00C04F79EFBC}") = "SingleNumber", "SingleNumber.csproj", "{D6C16B1F-2458-4706-BF10-A16F85BFC4D4}"
EndProject
Project("{FAE04EC0-301F-11D3-BF4B-00C04F79EFBC}") = "XUnitTestSingleNumber", "..\XUnitTestSingleNumber\XUnitTestSingleNumber.csproj", "{EEDAC9FB-C2AA-4C6F-9167-F96320787168}"
EndProject
Global
	GlobalSection(SolutionConfigurationPlatforms) = preSolution
		Debug|Any CPU = Debug|Any CPU
		Release|Any CPU = Release|Any CPU
	EndGlobalSection
	GlobalSection(ProjectConfigurationPlatforms) = postSolution
		{D6C16B1F-2458-4706-BF10-A16F85BFC4D4}.Debug|Any CPU.ActiveCfg = Debug|Any CPU
		{D6C16B1F-2458-4706-BF10-A16F85BFC4D4}.Debug|Any CPU.Build.0 = Debug|Any CPU
		{D6C16B1F-2458-4706-BF10-A16F85BFC4D4}.Release|Any CPU.ActiveCfg = Release|Any CPU
		{D6C16B1F-2458-4706-BF10-A16F85BFC4D4}.Release|Any CPU.Build.0 = Release|Any CPU
		{EEDAC9FB-C2AA-4C6F-9167-F96320787168}.Debug|Any CPU.ActiveCfg = Debug|Any CPU
		{EEDAC9FB-C2AA-4C6F-9167-F96320787168}.Debug|Any CPU.Build.0 = Debug|Any CPU
		{EEDAC9FB-C2AA-4C6F-9167-F96320787168}.Release|Any CPU.ActiveCfg = Release|Any CPU
		{EEDAC9FB-C2AA-4C6F-9167-F96320787168}.Release|Any CPU.Build.0 = Release|Any CPU
	EndGlobalSection
	GlobalSection(SolutionProperties) = preSolution
		HideSolutionNode = FALSE
	EndGlobalSection
	GlobalSection(ExtensibilityGlobals) = postSolution
		SolutionGuid = {315C580C-B8A2-4786-A5C2-51A0F5AE3D38}
	EndGlobalSection
EndGlobal
